{
  "originHash" : "6e12f113873a6f89d13f8b6fc86955967d6b27a80c273bca78c93cdc920c6f45",
  "pins" : [
    {
      "identity" : "swift-argument-parser",
      "kind" : "remoteSourceControl",
      "location" : "https://github.com/apple/swift-argument-parser.git",
      "state" : {
        "revision" : "0fbc8848e389af3bb55c182bc19ca9d5dc2f255b",
        "version" : "1.4.0"
      }
    },
    {
      "identity" : "swift-syntax",
      "kind" : "remoteSourceControl",
      "location" : "https://github.com/swiftlang/swift-syntax.git",
      "state" : {
        "revision" : "0dff260d3d1bb99c382d8dfcd6bb093e5e9cbd36",
        "version" : "602.0.0-prerelease-2025-05-29"
      }
    }
  ],
  "version" : 3
}
