// !$*UTF8*$!
{
	archiveVersion = 1;
	classes = {
	};
	objectVersion = 70;
	objects = {

/* Begin PBXBuildFile section */
		958A58F12C312508001E3A9A /* SVDExplorerCore in Frameworks */ = {isa = PBXBuildFile; productRef = 958A58F02C312508001E3A9A /* SVDExplorerCore */; };
/* End PBXBuildFile section */

/* Begin PBXFileReference section */
		958A58EF2C3124FA001E3A9A /* swift-mmio */ = {isa = PBXFileReference; lastKnownFileType = wrapper; name = "swift-mmio"; path = ../../..; sourceTree = "<group>"; };
		95F3A5662B58A98A00833638 /* SVDExplorer.app */ = {isa = PBXFileReference; explicitFileType = wrapper.application; includeInIndex = 0; path = SVDExplorer.app; sourceTree = BUILT_PRODUCTS_DIR; };
/* End PBXFileReference section */

/* Begin PBXFileSystemSynchronizedBuildFileExceptionSet section */
		952215E62DCDA620006A690C /* PBXFileSystemSynchronizedBuildFileExceptionSet */ = {
			isa = PBXFileSystemSynchronizedBuildFileExceptionSet;
			membershipExceptions = (
				Info.plist,
			);
			target = 95F3A5652B58A98A00833638 /* SVDExplorer */;
		};
/* End PBXFileSystemSynchronizedBuildFileExceptionSet section */

/* Begin PBXFileSystemSynchronizedRootGroup section */
		958A58692C311463001E3A9A /* SVDExplorer */ = {isa = PBXFileSystemSynchronizedRootGroup; exceptions = (952215E62DCDA620006A690C /* PBXFileSystemSynchronizedBuildFileExceptionSet */, ); explicitFileTypes = {}; explicitFolders = (); path = SVDExplorer; sourceTree = "<group>"; };
/* End PBXFileSystemSynchronizedRootGroup section */

/* Begin PBXFrameworksBuildPhase section */
		95F3A5632B58A98A00833638 /* Frameworks */ = {
			isa = PBXFrameworksBuildPhase;
			buildActionMask = 2147483647;
			files = (
				958A58F12C312508001E3A9A /* SVDExplorerCore in Frameworks */,
			);
			runOnlyForDeploymentPostprocessing = 0;
		};
/* End PBXFrameworksBuildPhase section */

/* Begin PBXGroup section */
		95089D492B5B95DA003D844B /* Frameworks */ = {
			isa = PBXGroup;
			children = (
			);
			name = Frameworks;
			sourceTree = "<group>";
		};
		958A58EE2C31249C001E3A9A /* Package */ = {
			isa = PBXGroup;
			children = (
				958A58EF2C3124FA001E3A9A /* swift-mmio */,
			);
			name = Package;
			sourceTree = "<group>";
		};
		95F3A55D2B58A98A00833638 = {
			isa = PBXGroup;
			children = (
				958A58EE2C31249C001E3A9A /* Package */,
				958A58692C311463001E3A9A /* SVDExplorer */,
				95F3A5672B58A98A00833638 /* Products */,
				95089D492B5B95DA003D844B /* Frameworks */,
			);
			sourceTree = "<group>";
		};
		95F3A5672B58A98A00833638 /* Products */ = {
			isa = PBXGroup;
			children = (
				95F3A5662B58A98A00833638 /* SVDExplorer.app */,
			);
			name = Products;
			sourceTree = "<group>";
		};
/* End PBXGroup section */

/* Begin PBXNativeTarget section */
		95F3A5652B58A98A00833638 /* SVDExplorer */ = {
			isa = PBXNativeTarget;
			buildConfigurationList = 95F3A5772B58A98B00833638 /* Build configuration list for PBXNativeTarget "SVDExplorer" */;
			buildPhases = (
				95F3A5622B58A98A00833638 /* Sources */,
				95F3A5632B58A98A00833638 /* Frameworks */,
				95F3A5642B58A98A00833638 /* Resources */,
			);
			buildRules = (
			);
			dependencies = (
			);
			fileSystemSynchronizedGroups = (
				958A58692C311463001E3A9A /* SVDExplorer */,
			);
			name = SVDExplorer;
			packageProductDependencies = (
				958A58F02C312508001E3A9A /* SVDExplorerCore */,
			);
			productName = SVDExplorer;
			productReference = 95F3A5662B58A98A00833638 /* SVDExplorer.app */;
			productType = "com.apple.product-type.application";
		};
/* End PBXNativeTarget section */

/* Begin PBXProject section */
		95F3A55E2B58A98A00833638 /* Project object */ = {
			isa = PBXProject;
			attributes = {
				BuildIndependentTargetsInParallel = 1;
				LastSwiftUpdateCheck = 1600;
				LastUpgradeCheck = 1600;
				TargetAttributes = {
					95F3A5652B58A98A00833638 = {
						CreatedOnToolsVersion = 16.0;
					};
				};
			};
			buildConfigurationList = 95F3A5612B58A98A00833638 /* Build configuration list for PBXProject "SVDExplorer" */;
			compatibilityVersion = "Xcode 14.0";
			developmentRegion = en;
			hasScannedForEncodings = 0;
			knownRegions = (
				en,
				Base,
			);
			mainGroup = 95F3A55D2B58A98A00833638;
			packageReferences = (
			);
			productRefGroup = 95F3A5672B58A98A00833638 /* Products */;
			projectDirPath = "";
			projectRoot = "";
			targets = (
				95F3A5652B58A98A00833638 /* SVDExplorer */,
			);
		};
/* End PBXProject section */

/* Begin PBXResourcesBuildPhase section */
		95F3A5642B58A98A00833638 /* Resources */ = {
			isa = PBXResourcesBuildPhase;
			buildActionMask = 2147483647;
			files = (
			);
			runOnlyForDeploymentPostprocessing = 0;
		};
/* End PBXResourcesBuildPhase section */

/* Begin PBXSourcesBuildPhase section */
		95F3A5622B58A98A00833638 /* Sources */ = {
			isa = PBXSourcesBuildPhase;
			buildActionMask = 2147483647;
			files = (
			);
			runOnlyForDeploymentPostprocessing = 0;
		};
/* End PBXSourcesBuildPhase section */

/* Begin XCBuildConfiguration section */
		95F3A5752B58A98B00833638 /* Debug */ = {
			isa = XCBuildConfiguration;
			buildSettings = {
				ALLOW_TARGET_PLATFORM_SPECIALIZATION = YES;
				ALWAYS_SEARCH_USER_PATHS = NO;
				ASSETCATALOG_COMPILER_GENERATE_SWIFT_ASSET_SYMBOL_EXTENSIONS = YES;
				DEBUG_INFORMATION_FORMAT = dwarf;
				ENABLE_TESTABILITY = YES;
				ENABLE_USER_SCRIPT_SANDBOXING = YES;
				LOCALIZATION_PREFERS_STRING_CATALOGS = YES;
				ONLY_ACTIVE_ARCH = YES;
				SUPPORTED_PLATFORMS = "sepos macosx kernelkit.macosx kernelkit.iphoneos iphonesimulator iphoneos exclavekit.macosx exclavekit.iphoneos exclavecore.macosx exclavecore.iphoneos driverkit";
				SWIFT_ACTIVE_COMPILATION_CONDITIONS = "DEBUG $(inherited)";
				SWIFT_OPTIMIZATION_LEVEL = "-Onone";
			};
			name = Debug;
		};
		95F3A5762B58A98B00833638 /* Release */ = {
			isa = XCBuildConfiguration;
			buildSettings = {
				ALLOW_TARGET_PLATFORM_SPECIALIZATION = YES;
				ALWAYS_SEARCH_USER_PATHS = NO;
				ASSETCATALOG_COMPILER_GENERATE_SWIFT_ASSET_SYMBOL_EXTENSIONS = YES;
				DEBUG_INFORMATION_FORMAT = "dwarf-with-dsym";
				ENABLE_USER_SCRIPT_SANDBOXING = YES;
				LOCALIZATION_PREFERS_STRING_CATALOGS = YES;
				SUPPORTED_PLATFORMS = "sepos macosx kernelkit.macosx kernelkit.iphoneos iphonesimulator iphoneos exclavekit.macosx exclavekit.iphoneos exclavecore.macosx exclavecore.iphoneos driverkit";
				SWIFT_COMPILATION_MODE = wholemodule;
				VALIDATE_PRODUCT = YES;
			};
			name = Release;
		};
		95F3A5782B58A98B00833638 /* Debug */ = {
			isa = XCBuildConfiguration;
			buildSettings = {
				ASSETCATALOG_COMPILER_APPICON_NAME = AppIcon;
				ASSETCATALOG_COMPILER_GLOBAL_ACCENT_COLOR_NAME = AccentColor;
				ASSETCATALOG_COMPILER_INCLUDE_ALL_APPICON_ASSETS = NO;
				CODE_SIGN_STYLE = Automatic;
				CURRENT_PROJECT_VERSION = 1;
				ENABLE_PREVIEWS = YES;
				GENERATE_INFOPLIST_FILE = YES;
				INFOPLIST_FILE = SVDExplorer/Info.plist;
				INFOPLIST_KEY_CFBundleDisplayName = "SVD Explorer";
				INFOPLIST_KEY_LSApplicationCategoryType = "public.app-category.utilities";
				INFOPLIST_KEY_UIApplicationSceneManifest_Generation = YES;
				INFOPLIST_KEY_UIApplicationSupportsIndirectInputEvents = YES;
				INFOPLIST_KEY_UILaunchScreen_Generation = YES;
				INFOPLIST_KEY_UISupportedInterfaceOrientations = "UIInterfaceOrientationLandscapeLeft UIInterfaceOrientationLandscapeRight UIInterfaceOrientationPortrait UIInterfaceOrientationPortraitUpsideDown";
				INFOPLIST_KEY_UISupportsDocumentBrowser = YES;
				LD_RUNPATH_SEARCH_PATHS = (
					"$(inherited)",
					"@executable_path/Frameworks",
				);
				MACOSX_DEPLOYMENT_TARGET = 15.0;
				MARKETING_VERSION = 1.0;
				PRODUCT_BUNDLE_IDENTIFIER = org.swift.SVDExplorer;
				PRODUCT_NAME = "$(TARGET_NAME)";
				SUPPORTS_MACCATALYST = NO;
				SUPPORTS_MAC_DESIGNED_FOR_IPHONE_IPAD = NO;
				SWIFT_EMIT_LOC_STRINGS = YES;
				SWIFT_VERSION = 5.0;
				TARGETED_DEVICE_FAMILY = "1,2";
			};
			name = Debug;
		};
		95F3A5792B58A98B00833638 /* Release */ = {
			isa = XCBuildConfiguration;
			buildSettings = {
				ASSETCATALOG_COMPILER_APPICON_NAME = AppIcon;
				ASSETCATALOG_COMPILER_GLOBAL_ACCENT_COLOR_NAME = AccentColor;
				ASSETCATALOG_COMPILER_INCLUDE_ALL_APPICON_ASSETS = NO;
				CODE_SIGN_STYLE = Automatic;
				CURRENT_PROJECT_VERSION = 1;
				ENABLE_PREVIEWS = YES;
				GENERATE_INFOPLIST_FILE = YES;
				INFOPLIST_FILE = SVDExplorer/Info.plist;
				INFOPLIST_KEY_CFBundleDisplayName = "SVD Explorer";
				INFOPLIST_KEY_LSApplicationCategoryType = "public.app-category.utilities";
				INFOPLIST_KEY_UIApplicationSceneManifest_Generation = YES;
				INFOPLIST_KEY_UIApplicationSupportsIndirectInputEvents = YES;
				INFOPLIST_KEY_UILaunchScreen_Generation = YES;
				INFOPLIST_KEY_UISupportedInterfaceOrientations = "UIInterfaceOrientationLandscapeLeft UIInterfaceOrientationLandscapeRight UIInterfaceOrientationPortrait UIInterfaceOrientationPortraitUpsideDown";
				INFOPLIST_KEY_UISupportsDocumentBrowser = YES;
				LD_RUNPATH_SEARCH_PATHS = (
					"$(inherited)",
					"@executable_path/Frameworks",
				);
				MACOSX_DEPLOYMENT_TARGET = 15.0;
				MARKETING_VERSION = 1.0;
				PRODUCT_BUNDLE_IDENTIFIER = org.swift.SVDExplorer;
				PRODUCT_NAME = "$(TARGET_NAME)";
				SUPPORTS_MACCATALYST = NO;
				SUPPORTS_MAC_DESIGNED_FOR_IPHONE_IPAD = NO;
				SWIFT_EMIT_LOC_STRINGS = YES;
				SWIFT_VERSION = 5.0;
				TARGETED_DEVICE_FAMILY = "1,2";
			};
			name = Release;
		};
/* End XCBuildConfiguration section */

/* Begin XCConfigurationList section */
		95F3A5612B58A98A00833638 /* Build configuration list for PBXProject "SVDExplorer" */ = {
			isa = XCConfigurationList;
			buildConfigurations = (
				95F3A5752B58A98B00833638 /* Debug */,
				95F3A5762B58A98B00833638 /* Release */,
			);
			defaultConfigurationIsVisible = 0;
			defaultConfigurationName = Release;
		};
		95F3A5772B58A98B00833638 /* Build configuration list for PBXNativeTarget "SVDExplorer" */ = {
			isa = XCConfigurationList;
			buildConfigurations = (
				95F3A5782B58A98B00833638 /* Debug */,
				95F3A5792B58A98B00833638 /* Release */,
			);
			defaultConfigurationIsVisible = 0;
			defaultConfigurationName = Release;
		};
/* End XCConfigurationList section */

/* Begin XCSwiftPackageProductDependency section */
		958A58F02C312508001E3A9A /* SVDExplorerCore */ = {
			isa = XCSwiftPackageProductDependency;
			productName = SVDExplorerCore;
		};
/* End XCSwiftPackageProductDependency section */
	};
	rootObject = 95F3A55E2B58A98A00833638 /* Project object */;
}
